
Microsoft Visual Studio Solution File, Format Version 12.00
# Visual Studio Version 17
VisualStudioVersion = 17.14.36511.14 d17.14
MinimumVisualStudioVersion = 10.0.40219.1
Project("{FAE04EC0-301F-11D3-BF4B-00C04F79EFBC}") = "PracticePolymorphism", "PracticePolymorphism\PracticePolymorphism.csproj", "{1C9F63F8-B7F7-4519-8AA7-5E1C57D0074E}"
EndProject
Global
	GlobalSection(SolutionConfigurationPlatforms) = preSolution
		Debug|Any CPU = Debug|Any CPU
		Release|Any CPU = Release|Any CPU
	EndGlobalSection
	GlobalSection(ProjectConfigurationPlatforms) = postSolution
		{1C9F63F8-B7F7-4519-8AA7-5E1C57D0074E}.Debug|Any CPU.ActiveCfg = Debug|Any CPU
		{1C9F63F8-B7F7-4519-8AA7-5E1C57D0074E}.Debug|Any CPU.Build.0 = Debug|Any CPU
		{1C9F63F8-B7F7-4519-8AA7-5E1C57D0074E}.Release|Any CPU.ActiveCfg = Release|Any CPU
		{1C9F63F8-B7F7-4519-8AA7-5E1C57D0074E}.Release|Any CPU.Build.0 = Release|Any CPU
	EndGlobalSection
	GlobalSection(SolutionProperties) = preSolution
		HideSolutionNode = FALSE
	EndGlobalSection
	GlobalSection(ExtensibilityGlobals) = postSolution
		SolutionGuid = {C498031E-184B-401C-927F-A30F44767E8A}
	EndGlobalSection
EndGlobal
